
Microsoft Visual Studio Solution File, Format Version 12.00
# Visual Studio Version 16
VisualStudioVersion = 16.0.28705.295
MinimumVisualStudioVersion = 10.0.40219.1
Project("{FAE04EC0-301F-11D3-BF4B-00C04F79EFBC}") = "StateMachineEditor2019", "StateMachineEditor2019\StateMachineEditor2019.csproj", "{137344C2-B620-47EE-9F85-4E9DF346F585}"
EndProject
Project("{FAE04EC0-301F-11D3-BF4B-00C04F79EFBC}") = "MVCStateMachineCodeGeneration", "MVCStateMachineCodeGeneration\MVCStateMachineCodeGeneration.csproj", "{7358318E-B335-4B3A-8C05-2C5F46233BD3}"
EndProject
Project("{FAE04EC0-301F-11D3-BF4B-00C04F79EFBC}") = "SmSImpleData", "SmDataBase\SmSImpleData.csproj", "{2FF6BF7E-F7EB-4350-829C-60E3A1C89ADE}"
EndProject
Project("{FAE04EC0-301F-11D3-BF4B-00C04F79EFBC}") = "StateMachineCodeGeneration", "StateMachineCodeGeneration\StateMachineCodeGeneration.csproj", "{4CC4D317-6EAD-42A3-A80B-4B12C1F0FE4B}"
EndProject
Project("{FAE04EC0-301F-11D3-BF4B-00C04F79EFBC}") = "StatePattern", "StatePattern\StatePattern.csproj", "{DD516DDE-3529-4385-BD1C-45E01B711B44}"
EndProject
Global
	GlobalSection(SolutionConfigurationPlatforms) = preSolution
		Debug|Any CPU = Debug|Any CPU
		Release|Any CPU = Release|Any CPU
	EndGlobalSection
	GlobalSection(ProjectConfigurationPlatforms) = postSolution
		{137344C2-B620-47EE-9F85-4E9DF346F585}.Debug|Any CPU.ActiveCfg = Debug|Any CPU
		{137344C2-B620-47EE-9F85-4E9DF346F585}.Debug|Any CPU.Build.0 = Debug|Any CPU
		{137344C2-B620-47EE-9F85-4E9DF346F585}.Release|Any CPU.ActiveCfg = Release|Any CPU
		{137344C2-B620-47EE-9F85-4E9DF346F585}.Release|Any CPU.Build.0 = Release|Any CPU
		{7358318E-B335-4B3A-8C05-2C5F46233BD3}.Debug|Any CPU.ActiveCfg = Debug|Any CPU
		{7358318E-B335-4B3A-8C05-2C5F46233BD3}.Debug|Any CPU.Build.0 = Debug|Any CPU
		{7358318E-B335-4B3A-8C05-2C5F46233BD3}.Release|Any CPU.ActiveCfg = Release|Any CPU
		{7358318E-B335-4B3A-8C05-2C5F46233BD3}.Release|Any CPU.Build.0 = Release|Any CPU
		{2FF6BF7E-F7EB-4350-829C-60E3A1C89ADE}.Debug|Any CPU.ActiveCfg = Debug|Any CPU
		{2FF6BF7E-F7EB-4350-829C-60E3A1C89ADE}.Debug|Any CPU.Build.0 = Debug|Any CPU
		{2FF6BF7E-F7EB-4350-829C-60E3A1C89ADE}.Release|Any CPU.ActiveCfg = Release|Any CPU
		{2FF6BF7E-F7EB-4350-829C-60E3A1C89ADE}.Release|Any CPU.Build.0 = Release|Any CPU
		{4CC4D317-6EAD-42A3-A80B-4B12C1F0FE4B}.Debug|Any CPU.ActiveCfg = Debug|Any CPU
		{4CC4D317-6EAD-42A3-A80B-4B12C1F0FE4B}.Debug|Any CPU.Build.0 = Debug|Any CPU
		{4CC4D317-6EAD-42A3-A80B-4B12C1F0FE4B}.Release|Any CPU.ActiveCfg = Release|Any CPU
		{4CC4D317-6EAD-42A3-A80B-4B12C1F0FE4B}.Release|Any CPU.Build.0 = Release|Any CPU
		{DD516DDE-3529-4385-BD1C-45E01B711B44}.Debug|Any CPU.ActiveCfg = Debug|Any CPU
		{DD516DDE-3529-4385-BD1C-45E01B711B44}.Debug|Any CPU.Build.0 = Debug|Any CPU
		{DD516DDE-3529-4385-BD1C-45E01B711B44}.Release|Any CPU.ActiveCfg = Release|Any CPU
		{DD516DDE-3529-4385-BD1C-45E01B711B44}.Release|Any CPU.Build.0 = Release|Any CPU
	EndGlobalSection
	GlobalSection(SolutionProperties) = preSolution
		HideSolutionNode = FALSE
	EndGlobalSection
	GlobalSection(ExtensibilityGlobals) = postSolution
		SolutionGuid = {287A0D33-E05B-4625-A88F-AB64E63EE2BA}
	EndGlobalSection
EndGlobal
